
Microsoft Visual Studio Solution File, Format Version 12.00
# Visual Studio 14
VisualStudioVersion = 14.0.25123.0
MinimumVisualStudioVersion = 10.0.40219.1
Project("{FAE04EC0-301F-11D3-BF4B-00C04F79EFBC}") = "CrossShop.Droid", "CrossShop\CrossShop.Droid\CrossShop.Droid.csproj", "{67529D16-DAAD-46A5-BDC5-ADCB93C5A2E0}"
EndProject
Project("{FAE04EC0-301F-11D3-BF4B-00C04F79EFBC}") = "CrossShop.iOS", "CrossShop\CrossShop.iOS\CrossShop.iOS.csproj", "{3E86A658-49A7-4D48-9265-921D5F22D4A9}"
EndProject
Project("{FAE04EC0-301F-11D3-BF4B-00C04F79EFBC}") = "CrossShop.WinPhone", "CrossShop\CrossShop.WinPhone\CrossShop.WinPhone.csproj", "{C330693E-9913-43A9-83B5-B09A9FCE4DA9}"
EndProject
Project("{FAE04EC0-301F-11D3-BF4B-00C04F79EFBC}") = "CrossShop", "CrossShop\CrossShop\CrossShop.csproj", "{B7704602-591F-4694-AE88-94C060D0EC30}"
EndProject
Project("{D954291E-2A0B-460D-934E-DC6B0785DB48}") = "CrossChop.Shared", "CrossChop.Shared\CrossChop.Shared.shproj", "{4770B5F5-5D46-4790-98D6-D099FDF9E763}"
EndProject
Global
	GlobalSection(SolutionConfigurationPlatforms) = preSolution
		Ad-Hoc|Any CPU = Ad-Hoc|Any CPU
		Ad-Hoc|ARM = Ad-Hoc|ARM
		Ad-Hoc|iPhone = Ad-Hoc|iPhone
		Ad-Hoc|iPhoneSimulator = Ad-Hoc|iPhoneSimulator
		Ad-Hoc|x64 = Ad-Hoc|x64
		Ad-Hoc|x86 = Ad-Hoc|x86
		AppStore|Any CPU = AppStore|Any CPU
		AppStore|ARM = AppStore|ARM
		AppStore|iPhone = AppStore|iPhone
		AppStore|iPhoneSimulator = AppStore|iPhoneSimulator
		AppStore|x64 = AppStore|x64
		AppStore|x86 = AppStore|x86
		Debug|Any CPU = Debug|Any CPU
		Debug|ARM = Debug|ARM
		Debug|iPhone = Debug|iPhone
		Debug|iPhoneSimulator = Debug|iPhoneSimulator
		Debug|x64 = Debug|x64
		Debug|x86 = Debug|x86
		Release|Any CPU = Release|Any CPU
		Release|ARM = Release|ARM
		Release|iPhone = Release|iPhone
		Release|iPhoneSimulator = Release|iPhoneSimulator
		Release|x64 = Release|x64
		Release|x86 = Release|x86
	EndGlobalSection
	GlobalSection(ProjectConfigurationPlatforms) = postSolution
		{67529D16-DAAD-46A5-BDC5-ADCB93C5A2E0}.Ad-Hoc|Any CPU.ActiveCfg = Release|Any CPU
		{67529D16-DAAD-46A5-BDC5-ADCB93C5A2E0}.Ad-Hoc|Any CPU.Build.0 = Release|Any CPU
		{67529D16-DAAD-46A5-BDC5-ADCB93C5A2E0}.Ad-Hoc|Any CPU.Deploy.0 = Release|Any CPU
		{67529D16-DAAD-46A5-BDC5-ADCB93C5A2E0}.Ad-Hoc|ARM.ActiveCfg = Release|Any CPU
		{67529D16-DAAD-46A5-BDC5-ADCB93C5A2E0}.Ad-Hoc|ARM.Build.0 = Release|Any CPU
		{67529D16-DAAD-46A5-BDC5-ADCB93C5A2E0}.Ad-Hoc|ARM.Deploy.0 = Release|Any CPU
		{67529D16-DAAD-46A5-BDC5-ADCB93C5A2E0}.Ad-Hoc|iPhone.ActiveCfg = Release|Any CPU
		{67529D16-DAAD-46A5-BDC5-ADCB93C5A2E0}.Ad-Hoc|iPhone.Build.0 = Release|Any CPU
		{67529D16-DAAD-46A5-BDC5-ADCB93C5A2E0}.Ad-Hoc|iPhone.Deploy.0 = Release|Any CPU
		{67529D16-DAAD-46A5-BDC5-ADCB93C5A2E0}.Ad-Hoc|iPhoneSimulator.ActiveCfg = Release|Any CPU
		{67529D16-DAAD-46A5-BDC5-ADCB93C5A2E0}.Ad-Hoc|iPhoneSimulator.Build.0 = Release|Any CPU
		{67529D16-DAAD-46A5-BDC5-ADCB93C5A2E0}.Ad-Hoc|iPhoneSimulator.Deploy.0 = Release|Any CPU
		{67529D16-DAAD-46A5-BDC5-ADCB93C5A2E0}.Ad-Hoc|x64.ActiveCfg = Release|Any CPU
		{67529D16-DAAD-46A5-BDC5-ADCB93C5A2E0}.Ad-Hoc|x64.Build.0 = Release|Any CPU
		{67529D16-DAAD-46A5-BDC5-ADCB93C5A2E0}.Ad-Hoc|x64.Deploy.0 = Release|Any CPU
		{67529D16-DAAD-46A5-BDC5-ADCB93C5A2E0}.Ad-Hoc|x86.ActiveCfg = Release|Any CPU
		{67529D16-DAAD-46A5-BDC5-ADCB93C5A2E0}.Ad-Hoc|x86.Build.0 = Release|Any CPU
		{67529D16-DAAD-46A5-BDC5-ADCB93C5A2E0}.Ad-Hoc|x86.Deploy.0 = Release|Any CPU
		{67529D16-DAAD-46A5-BDC5-ADCB93C5A2E0}.AppStore|Any CPU.ActiveCfg = Release|Any CPU
		{67529D16-DAAD-46A5-BDC5-ADCB93C5A2E0}.AppStore|Any CPU.Build.0 = Release|Any CPU
		{67529D16-DAAD-46A5-BDC5-ADCB93C5A2E0}.AppStore|Any CPU.Deploy.0 = Release|Any CPU
		{67529D16-DAAD-46A5-BDC5-ADCB93C5A2E0}.AppStore|ARM.ActiveCfg = Release|Any CPU
		{67529D16-DAAD-46A5-BDC5-ADCB93C5A2E0}.AppStore|ARM.Build.0 = Release|Any CPU
		{67529D16-DAAD-46A5-BDC5-ADCB93C5A2E0}.AppStore|ARM.Deploy.0 = Release|Any CPU
		{67529D16-DAAD-46A5-BDC5-ADCB93C5A2E0}.AppStore|iPhone.ActiveCfg = Release|Any CPU
		{67529D16-DAAD-46A5-BDC5-ADCB93C5A2E0}.AppStore|iPhone.Build.0 = Release|Any CPU
		{67529D16-DAAD-46A5-BDC5-ADCB93C5A2E0}.AppStore|iPhone.Deploy.0 = Release|Any CPU
		{67529D16-DAAD-46A5-BDC5-ADCB93C5A2E0}.AppStore|iPhoneSimulator.ActiveCfg = Release|Any CPU
		{67529D16-DAAD-46A5-BDC5-ADCB93C5A2E0}.AppStore|iPhoneSimulator.Build.0 = Release|Any CPU
		{67529D16-DAAD-46A5-BDC5-ADCB93C5A2E0}.AppStore|iPhoneSimulator.Deploy.0 = Release|Any CPU
		{67529D16-DAAD-46A5-BDC5-ADCB93C5A2E0}.AppStore|x64.ActiveCfg = Release|Any CPU
		{67529D16-DAAD-46A5-BDC5-ADCB93C5A2E0}.AppStore|x64.Build.0 = Release|Any CPU
		{67529D16-DAAD-46A5-BDC5-ADCB93C5A2E0}.AppStore|x64.Deploy.0 = Release|Any CPU
		{67529D16-DAAD-46A5-BDC5-ADCB93C5A2E0}.AppStore|x86.ActiveCfg = Release|Any CPU
		{67529D16-DAAD-46A5-BDC5-ADCB93C5A2E0}.AppStore|x86.Build.0 = Release|Any CPU
		{67529D16-DAAD-46A5-BDC5-ADCB93C5A2E0}.AppStore|x86.Deploy.0 = Release|Any CPU
		{67529D16-DAAD-46A5-BDC5-ADCB93C5A2E0}.Debug|Any CPU.ActiveCfg = Debug|Any CPU
		{67529D16-DAAD-46A5-BDC5-ADCB93C5A2E0}.Debug|Any CPU.Build.0 = Debug|Any CPU
		{67529D16-DAAD-46A5-BDC5-ADCB93C5A2E0}.Debug|Any CPU.Deploy.0 = Debug|Any CPU
		{67529D16-DAAD-46A5-BDC5-ADCB93C5A2E0}.Debug|ARM.ActiveCfg = Debug|Any CPU
		{67529D16-DAAD-46A5-BDC5-ADCB93C5A2E0}.Debug|ARM.Build.0 = Debug|Any CPU
		{67529D16-DAAD-46A5-BDC5-ADCB93C5A2E0}.Debug|ARM.Deploy.0 = Debug|Any CPU
		{67529D16-DAAD-46A5-BDC5-ADCB93C5A2E0}.Debug|iPhone.ActiveCfg = Debug|Any CPU
		{67529D16-DAAD-46A5-BDC5-ADCB93C5A2E0}.Debug|iPhone.Build.0 = Debug|Any CPU
		{67529D16-DAAD-46A5-BDC5-ADCB93C5A2E0}.Debug|iPhone.Deploy.0 = Debug|Any CPU
		{67529D16-DAAD-46A5-BDC5-ADCB93C5A2E0}.Debug|iPhoneSimulator.ActiveCfg = Debug|Any CPU
		{67529D16-DAAD-46A5-BDC5-ADCB93C5A2E0}.Debug|iPhoneSimulator.Build.0 = Debug|Any CPU
		{67529D16-DAAD-46A5-BDC5-ADCB93C5A2E0}.Debug|iPhoneSimulator.Deploy.0 = Debug|Any CPU
		{67529D16-DAAD-46A5-BDC5-ADCB93C5A2E0}.Debug|x64.ActiveCfg = Debug|Any CPU
		{67529D16-DAAD-46A5-BDC5-ADCB93C5A2E0}.Debug|x64.Build.0 = Debug|Any CPU
		{67529D16-DAAD-46A5-BDC5-ADCB93C5A2E0}.Debug|x64.Deploy.0 = Debug|Any CPU
		{67529D16-DAAD-46A5-BDC5-ADCB93C5A2E0}.Debug|x86.ActiveCfg = Debug|Any CPU
		{67529D16-DAAD-46A5-BDC5-ADCB93C5A2E0}.Debug|x86.Build.0 = Debug|Any CPU
		{67529D16-DAAD-46A5-BDC5-ADCB93C5A2E0}.Debug|x86.Deploy.0 = Debug|Any CPU
		{67529D16-DAAD-46A5-BDC5-ADCB93C5A2E0}.Release|Any CPU.ActiveCfg = Release|Any CPU
		{67529D16-DAAD-46A5-BDC5-ADCB93C5A2E0}.Release|Any CPU.Build.0 = Release|Any CPU
		{67529D16-DAAD-46A5-BDC5-ADCB93C5A2E0}.Release|Any CPU.Deploy.0 = Release|Any CPU
		{67529D16-DAAD-46A5-BDC5-ADCB93C5A2E0}.Release|ARM.ActiveCfg = Release|Any CPU
		{67529D16-DAAD-46A5-BDC5-ADCB93C5A2E0}.Release|ARM.Build.0 = Release|Any CPU
		{67529D16-DAAD-46A5-BDC5-ADCB93C5A2E0}.Release|ARM.Deploy.0 = Release|Any CPU
		{67529D16-DAAD-46A5-BDC5-ADCB93C5A2E0}.Release|iPhone.ActiveCfg = Release|Any CPU
		{67529D16-DAAD-46A5-BDC5-ADCB93C5A2E0}.Release|iPhone.Build.0 = Release|Any CPU
		{67529D16-DAAD-46A5-BDC5-ADCB93C5A2E0}.Release|iPhone.Deploy.0 = Release|Any CPU
		{67529D16-DAAD-46A5-BDC5-ADCB93C5A2E0}.Release|iPhoneSimulator.ActiveCfg = Release|Any CPU
		{67529D16-DAAD-46A5-BDC5-ADCB93C5A2E0}.Release|iPhoneSimulator.Build.0 = Release|Any CPU
		{67529D16-DAAD-46A5-BDC5-ADCB93C5A2E0}.Release|iPhoneSimulator.Deploy.0 = Release|Any CPU
		{67529D16-DAAD-46A5-BDC5-ADCB93C5A2E0}.Release|x64.ActiveCfg = Release|Any CPU
		{67529D16-DAAD-46A5-BDC5-ADCB93C5A2E0}.Release|x64.Build.0 = Release|Any CPU
		{67529D16-DAAD-46A5-BDC5-ADCB93C5A2E0}.Release|x64.Deploy.0 = Release|Any CPU
		{67529D16-DAAD-46A5-BDC5-ADCB93C5A2E0}.Release|x86.ActiveCfg = Release|Any CPU
		{67529D16-DAAD-46A5-BDC5-ADCB93C5A2E0}.Release|x86.Build.0 = Release|Any CPU
		{67529D16-DAAD-46A5-BDC5-ADCB93C5A2E0}.Release|x86.Deploy.0 = Release|Any CPU
		{3E86A658-49A7-4D48-9265-921D5F22D4A9}.Ad-Hoc|Any CPU.ActiveCfg = Ad-Hoc|iPhone
		{3E86A658-49A7-4D48-9265-921D5F22D4A9}.Ad-Hoc|ARM.ActiveCfg = Ad-Hoc|iPhone
		{3E86A658-49A7-4D48-9265-921D5F22D4A9}.Ad-Hoc|iPhone.ActiveCfg = Ad-Hoc|iPhone
		{3E86A658-49A7-4D48-9265-921D5F22D4A9}.Ad-Hoc|iPhone.Build.0 = Ad-Hoc|iPhone
		{3E86A658-49A7-4D48-9265-921D5F22D4A9}.Ad-Hoc|iPhoneSimulator.ActiveCfg = Ad-Hoc|iPhoneSimulator
		{3E86A658-49A7-4D48-9265-921D5F22D4A9}.Ad-Hoc|iPhoneSimulator.Build.0 = Ad-Hoc|iPhoneSimulator
		{3E86A658-49A7-4D48-9265-921D5F22D4A9}.Ad-Hoc|x64.ActiveCfg = Ad-Hoc|iPhone
		{3E86A658-49A7-4D48-9265-921D5F22D4A9}.Ad-Hoc|x86.ActiveCfg = Ad-Hoc|iPhone
		{3E86A658-49A7-4D48-9265-921D5F22D4A9}.AppStore|Any CPU.ActiveCfg = AppStore|iPhone
		{3E86A658-49A7-4D48-9265-921D5F22D4A9}.AppStore|ARM.ActiveCfg = AppStore|iPhone
		{3E86A658-49A7-4D48-9265-921D5F22D4A9}.AppStore|iPhone.ActiveCfg = AppStore|iPhone
		{3E86A658-49A7-4D48-9265-921D5F22D4A9}.AppStore|iPhone.Build.0 = AppStore|iPhone
		{3E86A658-49A7-4D48-9265-921D5F22D4A9}.AppStore|iPhoneSimulator.ActiveCfg = AppStore|iPhoneSimulator
		{3E86A658-49A7-4D48-9265-921D5F22D4A9}.AppStore|iPhoneSimulator.Build.0 = AppStore|iPhoneSimulator
		{3E86A658-49A7-4D48-9265-921D5F22D4A9}.AppStore|x64.ActiveCfg = AppStore|iPhone
		{3E86A658-49A7-4D48-9265-921D5F22D4A9}.AppStore|x86.ActiveCfg = AppStore|iPhone
		{3E86A658-49A7-4D48-9265-921D5F22D4A9}.Debug|Any CPU.ActiveCfg = Debug|iPhone
		{3E86A658-49A7-4D48-9265-921D5F22D4A9}.Debug|ARM.ActiveCfg = Debug|iPhone
		{3E86A658-49A7-4D48-9265-921D5F22D4A9}.Debug|iPhone.ActiveCfg = Debug|iPhone
		{3E86A658-49A7-4D48-9265-921D5F22D4A9}.Debug|iPhone.Build.0 = Debug|iPhone
		{3E86A658-49A7-4D48-9265-921D5F22D4A9}.Debug|iPhoneSimulator.ActiveCfg = Debug|iPhoneSimulator
		{3E86A658-49A7-4D48-9265-921D5F22D4A9}.Debug|iPhoneSimulator.Build.0 = Debug|iPhoneSimulator
		{3E86A658-49A7-4D48-9265-921D5F22D4A9}.Debug|x64.ActiveCfg = Debug|iPhone
		{3E86A658-49A7-4D48-9265-921D5F22D4A9}.Debug|x86.ActiveCfg = Debug|iPhone
		{3E86A658-49A7-4D48-9265-921D5F22D4A9}.Release|Any CPU.ActiveCfg = Release|iPhone
		{3E86A658-49A7-4D48-9265-921D5F22D4A9}.Release|ARM.ActiveCfg = Release|iPhone
		{3E86A658-49A7-4D48-9265-921D5F22D4A9}.Release|iPhone.ActiveCfg = Release|iPhone
		{3E86A658-49A7-4D48-9265-921D5F22D4A9}.Release|iPhone.Build.0 = Release|iPhone
		{3E86A658-49A7-4D48-9265-921D5F22D4A9}.Release|iPhoneSimulator.ActiveCfg = Release|iPhoneSimulator
		{3E86A658-49A7-4D48-9265-921D5F22D4A9}.Release|iPhoneSimulator.Build.0 = Release|iPhoneSimulator
		{3E86A658-49A7-4D48-9265-921D5F22D4A9}.Release|x64.ActiveCfg = Release|iPhone
		{3E86A658-49A7-4D48-9265-921D5F22D4A9}.Release|x86.ActiveCfg = Release|iPhone
		{C330693E-9913-43A9-83B5-B09A9FCE4DA9}.Ad-Hoc|Any CPU.ActiveCfg = Release|Any CPU
		{C330693E-9913-43A9-83B5-B09A9FCE4DA9}.Ad-Hoc|Any CPU.Build.0 = Release|Any CPU
		{C330693E-9913-43A9-83B5-B09A9FCE4DA9}.Ad-Hoc|Any CPU.Deploy.0 = Release|Any CPU
		{C330693E-9913-43A9-83B5-B09A9FCE4DA9}.Ad-Hoc|ARM.ActiveCfg = Release|ARM
		{C330693E-9913-43A9-83B5-B09A9FCE4DA9}.Ad-Hoc|ARM.Build.0 = Release|ARM
		{C330693E-9913-43A9-83B5-B09A9FCE4DA9}.Ad-Hoc|ARM.Deploy.0 = Release|ARM
		{C330693E-9913-43A9-83B5-B09A9FCE4DA9}.Ad-Hoc|iPhone.ActiveCfg = Release|Any CPU
		{C330693E-9913-43A9-83B5-B09A9FCE4DA9}.Ad-Hoc|iPhone.Build.0 = Release|Any CPU
		{C330693E-9913-43A9-83B5-B09A9FCE4DA9}.Ad-Hoc|iPhone.Deploy.0 = Release|Any CPU
		{C330693E-9913-43A9-83B5-B09A9FCE4DA9}.Ad-Hoc|iPhoneSimulator.ActiveCfg = Release|Any CPU
		{C330693E-9913-43A9-83B5-B09A9FCE4DA9}.Ad-Hoc|iPhoneSimulator.Build.0 = Release|Any CPU
		{C330693E-9913-43A9-83B5-B09A9FCE4DA9}.Ad-Hoc|iPhoneSimulator.Deploy.0 = Release|Any CPU
		{C330693E-9913-43A9-83B5-B09A9FCE4DA9}.Ad-Hoc|x64.ActiveCfg = Release|Any CPU
		{C330693E-9913-43A9-83B5-B09A9FCE4DA9}.Ad-Hoc|x64.Build.0 = Release|Any CPU
		{C330693E-9913-43A9-83B5-B09A9FCE4DA9}.Ad-Hoc|x64.Deploy.0 = Release|Any CPU
		{C330693E-9913-43A9-83B5-B09A9FCE4DA9}.Ad-Hoc|x86.ActiveCfg = Release|x86
		{C330693E-9913-43A9-83B5-B09A9FCE4DA9}.Ad-Hoc|x86.Build.0 = Release|x86
		{C330693E-9913-43A9-83B5-B09A9FCE4DA9}.Ad-Hoc|x86.Deploy.0 = Release|x86
		{C330693E-9913-43A9-83B5-B09A9FCE4DA9}.AppStore|Any CPU.ActiveCfg = Release|Any CPU
		{C330693E-9913-43A9-83B5-B09A9FCE4DA9}.AppStore|Any CPU.Build.0 = Release|Any CPU
		{C330693E-9913-43A9-83B5-B09A9FCE4DA9}.AppStore|Any CPU.Deploy.0 = Release|Any CPU
		{C330693E-9913-43A9-83B5-B09A9FCE4DA9}.AppStore|ARM.ActiveCfg = Release|ARM
		{C330693E-9913-43A9-83B5-B09A9FCE4DA9}.AppStore|ARM.Build.0 = Release|ARM
		{C330693E-9913-43A9-83B5-B09A9FCE4DA9}.AppStore|ARM.Deploy.0 = Release|ARM
		{C330693E-9913-43A9-83B5-B09A9FCE4DA9}.AppStore|iPhone.ActiveCfg = Release|Any CPU
		{C330693E-9913-43A9-83B5-B09A9FCE4DA9}.AppStore|iPhone.Build.0 = Release|Any CPU
		{C330693E-9913-43A9-83B5-B09A9FCE4DA9}.AppStore|iPhone.Deploy.0 = Release|Any CPU
		{C330693E-9913-43A9-83B5-B09A9FCE4DA9}.AppStore|iPhoneSimulator.ActiveCfg = Release|Any CPU
		{C330693E-9913-43A9-83B5-B09A9FCE4DA9}.AppStore|iPhoneSimulator.Build.0 = Release|Any CPU
		{C330693E-9913-43A9-83B5-B09A9FCE4DA9}.AppStore|iPhoneSimulator.Deploy.0 = Release|Any CPU
		{C330693E-9913-43A9-83B5-B09A9FCE4DA9}.AppStore|x64.ActiveCfg = Release|Any CPU
		{C330693E-9913-43A9-83B5-B09A9FCE4DA9}.AppStore|x64.Build.0 = Release|Any CPU
		{C330693E-9913-43A9-83B5-B09A9FCE4DA9}.AppStore|x64.Deploy.0 = Release|Any CPU
		{C330693E-9913-43A9-83B5-B09A9FCE4DA9}.AppStore|x86.ActiveCfg = Release|x86
		{C330693E-9913-43A9-83B5-B09A9FCE4DA9}.AppStore|x86.Build.0 = Release|x86
		{C330693E-9913-43A9-83B5-B09A9FCE4DA9}.AppStore|x86.Deploy.0 = Release|x86
		{C330693E-9913-43A9-83B5-B09A9FCE4DA9}.Debug|Any CPU.ActiveCfg = Debug|Any CPU
		{C330693E-9913-43A9-83B5-B09A9FCE4DA9}.Debug|Any CPU.Build.0 = Debug|Any CPU
		{C330693E-9913-43A9-83B5-B09A9FCE4DA9}.Debug|Any CPU.Deploy.0 = Debug|Any CPU
		{C330693E-9913-43A9-83B5-B09A9FCE4DA9}.Debug|ARM.ActiveCfg = Debug|ARM
		{C330693E-9913-43A9-83B5-B09A9FCE4DA9}.Debug|ARM.Build.0 = Debug|ARM
		{C330693E-9913-43A9-83B5-B09A9FCE4DA9}.Debug|ARM.Deploy.0 = Debug|ARM
		{C330693E-9913-43A9-83B5-B09A9FCE4DA9}.Debug|iPhone.ActiveCfg = Debug|Any CPU
		{C330693E-9913-43A9-83B5-B09A9FCE4DA9}.Debug|iPhone.Build.0 = Debug|Any CPU
		{C330693E-9913-43A9-83B5-B09A9FCE4DA9}.Debug|iPhone.Deploy.0 = Debug|Any CPU
		{C330693E-9913-43A9-83B5-B09A9FCE4DA9}.Debug|iPhoneSimulator.ActiveCfg = Debug|Any CPU
		{C330693E-9913-43A9-83B5-B09A9FCE4DA9}.Debug|iPhoneSimulator.Build.0 = Debug|Any CPU
		{C330693E-9913-43A9-83B5-B09A9FCE4DA9}.Debug|iPhoneSimulator.Deploy.0 = Debug|Any CPU
		{C330693E-9913-43A9-83B5-B09A9FCE4DA9}.Debug|x64.ActiveCfg = Debug|Any CPU
		{C330693E-9913-43A9-83B5-B09A9FCE4DA9}.Debug|x64.Build.0 = Debug|Any CPU
		{C330693E-9913-43A9-83B5-B09A9FCE4DA9}.Debug|x64.Deploy.0 = Debug|Any CPU
		{C330693E-9913-43A9-83B5-B09A9FCE4DA9}.Debug|x86.ActiveCfg = Debug|x86
		{C330693E-9913-43A9-83B5-B09A9FCE4DA9}.Debug|x86.Build.0 = Debug|x86
		{C330693E-9913-43A9-83B5-B09A9FCE4DA9}.Debug|x86.Deploy.0 = Debug|x86
		{C330693E-9913-43A9-83B5-B09A9FCE4DA9}.Release|Any CPU.ActiveCfg = Release|Any CPU
		{C330693E-9913-43A9-83B5-B09A9FCE4DA9}.Release|Any CPU.Build.0 = Release|Any CPU
		{C330693E-9913-43A9-83B5-B09A9FCE4DA9}.Release|Any CPU.Deploy.0 = Release|Any CPU
		{C330693E-9913-43A9-83B5-B09A9FCE4DA9}.Release|ARM.ActiveCfg = Release|ARM
		{C330693E-9913-43A9-83B5-B09A9FCE4DA9}.Release|ARM.Build.0 = Release|ARM
		{C330693E-9913-43A9-83B5-B09A9FCE4DA9}.Release|ARM.Deploy.0 = Release|ARM
		{C330693E-9913-43A9-83B5-B09A9FCE4DA9}.Release|iPhone.ActiveCfg = Release|Any CPU
		{C330693E-9913-43A9-83B5-B09A9FCE4DA9}.Release|iPhone.Build.0 = Release|Any CPU
		{C330693E-9913-43A9-83B5-B09A9FCE4DA9}.Release|iPhone.Deploy.0 = Release|Any CPU
		{C330693E-9913-43A9-83B5-B09A9FCE4DA9}.Release|iPhoneSimulator.ActiveCfg = Release|Any CPU
		{C330693E-9913-43A9-83B5-B09A9FCE4DA9}.Release|iPhoneSimulator.Build.0 = Release|Any CPU
		{C330693E-9913-43A9-83B5-B09A9FCE4DA9}.Release|iPhoneSimulator.Deploy.0 = Release|Any CPU
		{C330693E-9913-43A9-83B5-B09A9FCE4DA9}.Release|x64.ActiveCfg = Release|Any CPU
		{C330693E-9913-43A9-83B5-B09A9FCE4DA9}.Release|x64.Build.0 = Release|Any CPU
		{C330693E-9913-43A9-83B5-B09A9FCE4DA9}.Release|x64.Deploy.0 = Release|Any CPU
		{C330693E-9913-43A9-83B5-B09A9FCE4DA9}.Release|x86.ActiveCfg = Release|x86
		{C330693E-9913-43A9-83B5-B09A9FCE4DA9}.Release|x86.Build.0 = Release|x86
		{C330693E-9913-43A9-83B5-B09A9FCE4DA9}.Release|x86.Deploy.0 = Release|x86
		{B7704602-591F-4694-AE88-94C060D0EC30}.Ad-Hoc|Any CPU.ActiveCfg = Release|Any CPU
		{B7704602-591F-4694-AE88-94C060D0EC30}.Ad-Hoc|Any CPU.Build.0 = Release|Any CPU
		{B7704602-591F-4694-AE88-94C060D0EC30}.Ad-Hoc|ARM.ActiveCfg = Release|Any CPU
		{B7704602-591F-4694-AE88-94C060D0EC30}.Ad-Hoc|ARM.Build.0 = Release|Any CPU
		{B7704602-591F-4694-AE88-94C060D0EC30}.Ad-Hoc|iPhone.ActiveCfg = Release|Any CPU
		{B7704602-591F-4694-AE88-94C060D0EC30}.Ad-Hoc|iPhone.Build.0 = Release|Any CPU
		{B7704602-591F-4694-AE88-94C060D0EC30}.Ad-Hoc|iPhoneSimulator.ActiveCfg = Release|Any CPU
		{B7704602-591F-4694-AE88-94C060D0EC30}.Ad-Hoc|iPhoneSimulator.Build.0 = Release|Any CPU
		{B7704602-591F-4694-AE88-94C060D0EC30}.Ad-Hoc|x64.ActiveCfg = Release|Any CPU
		{B7704602-591F-4694-AE88-94C060D0EC30}.Ad-Hoc|x64.Build.0 = Release|Any CPU
		{B7704602-591F-4694-AE88-94C060D0EC30}.Ad-Hoc|x86.ActiveCfg = Release|Any CPU
		{B7704602-591F-4694-AE88-94C060D0EC30}.Ad-Hoc|x86.Build.0 = Release|Any CPU
		{B7704602-591F-4694-AE88-94C060D0EC30}.AppStore|Any CPU.ActiveCfg = Release|Any CPU
		{B7704602-591F-4694-AE88-94C060D0EC30}.AppStore|Any CPU.Build.0 = Release|Any CPU
		{B7704602-591F-4694-AE88-94C060D0EC30}.AppStore|ARM.ActiveCfg = Release|Any CPU
		{B7704602-591F-4694-AE88-94C060D0EC30}.AppStore|ARM.Build.0 = Release|Any CPU
		{B7704602-591F-4694-AE88-94C060D0EC30}.AppStore|iPhone.ActiveCfg = Release|Any CPU
		{B7704602-591F-4694-AE88-94C060D0EC30}.AppStore|iPhone.Build.0 = Release|Any CPU
		{B7704602-591F-4694-AE88-94C060D0EC30}.AppStore|iPhoneSimulator.ActiveCfg = Release|Any CPU
		{B7704602-591F-4694-AE88-94C060D0EC30}.AppStore|iPhoneSimulator.Build.0 = Release|Any CPU
		{B7704602-591F-4694-AE88-94C060D0EC30}.AppStore|x64.ActiveCfg = Release|Any CPU
		{B7704602-591F-4694-AE88-94C060D0EC30}.AppStore|x64.Build.0 = Release|Any CPU
		{B7704602-591F-4694-AE88-94C060D0EC30}.AppStore|x86.ActiveCfg = Release|Any CPU
		{B7704602-591F-4694-AE88-94C060D0EC30}.AppStore|x86.Build.0 = Release|Any CPU
		{B7704602-591F-4694-AE88-94C060D0EC30}.Debug|Any CPU.ActiveCfg = Debug|Any CPU
		{B7704602-591F-4694-AE88-94C060D0EC30}.Debug|Any CPU.Build.0 = Debug|Any CPU
		{B7704602-591F-4694-AE88-94C060D0EC30}.Debug|ARM.ActiveCfg = Debug|Any CPU
		{B7704602-591F-4694-AE88-94C060D0EC30}.Debug|ARM.Build.0 = Debug|Any CPU
		{B7704602-591F-4694-AE88-94C060D0EC30}.Debug|iPhone.ActiveCfg = Debug|Any CPU
		{B7704602-591F-4694-AE88-94C060D0EC30}.Debug|iPhone.Build.0 = Debug|Any CPU
		{B7704602-591F-4694-AE88-94C060D0EC30}.Debug|iPhoneSimulator.ActiveCfg = Debug|Any CPU
		{B7704602-591F-4694-AE88-94C060D0EC30}.Debug|iPhoneSimulator.Build.0 = Debug|Any CPU
		{B7704602-591F-4694-AE88-94C060D0EC30}.Debug|x64.ActiveCfg = Debug|Any CPU
		{B7704602-591F-4694-AE88-94C060D0EC30}.Debug|x64.Build.0 = Debug|Any CPU
		{B7704602-591F-4694-AE88-94C060D0EC30}.Debug|x86.ActiveCfg = Debug|Any CPU
		{B7704602-591F-4694-AE88-94C060D0EC30}.Debug|x86.Build.0 = Debug|Any CPU
		{B7704602-591F-4694-AE88-94C060D0EC30}.Release|Any CPU.ActiveCfg = Release|Any CPU
		{B7704602-591F-4694-AE88-94C060D0EC30}.Release|Any CPU.Build.0 = Release|Any CPU
		{B7704602-591F-4694-AE88-94C060D0EC30}.Release|ARM.ActiveCfg = Release|Any CPU
		{B7704602-591F-4694-AE88-94C060D0EC30}.Release|ARM.Build.0 = Release|Any CPU
		{B7704602-591F-4694-AE88-94C060D0EC30}.Release|iPhone.ActiveCfg = Release|Any CPU
		{B7704602-591F-4694-AE88-94C060D0EC30}.Release|iPhone.Build.0 = Release|Any CPU
		{B7704602-591F-4694-AE88-94C060D0EC30}.Release|iPhoneSimulator.ActiveCfg = Release|Any CPU
		{B7704602-591F-4694-AE88-94C060D0EC30}.Release|iPhoneSimulator.Build.0 = Release|Any CPU
		{B7704602-591F-4694-AE88-94C060D0EC30}.Release|x64.ActiveCfg = Release|Any CPU
		{B7704602-591F-4694-AE88-94C060D0EC30}.Release|x64.Build.0 = Release|Any CPU
		{B7704602-591F-4694-AE88-94C060D0EC30}.Release|x86.ActiveCfg = Release|Any CPU
		{B7704602-591F-4694-AE88-94C060D0EC30}.Release|x86.Build.0 = Release|Any CPU
	EndGlobalSection
	GlobalSection(SolutionProperties) = preSolution
		HideSolutionNode = FALSE
	EndGlobalSection
EndGlobal
